
Microsoft Visual Studio Solution File, Format Version 12.00
# Visual Studio Version 17
VisualStudioVersion = 17.6.33829.357
MinimumVisualStudioVersion = 10.0.40219.1
Project("{FAE04EC0-301F-11D3-BF4B-00C04F79EFBC}") = "Search", "Search\Search.csproj", "{FA625FCC-B0BB-44E7-8354-304A38ADCD36}"
EndProject
Global
	GlobalSection(SolutionConfigurationPlatforms) = preSolution
		Debug|Any CPU = Debug|Any CPU
		Release|Any CPU = Release|Any CPU
	EndGlobalSection
	GlobalSection(ProjectConfigurationPlatforms) = postSolution
		{FA625FCC-B0BB-44E7-8354-304A38ADCD36}.Debug|Any CPU.ActiveCfg = Debug|Any CPU
		{FA625FCC-B0BB-44E7-8354-304A38ADCD36}.Debug|Any CPU.Build.0 = Debug|Any CPU
		{FA625FCC-B0BB-44E7-8354-304A38ADCD36}.Release|Any CPU.ActiveCfg = Release|Any CPU
		{FA625FCC-B0BB-44E7-8354-304A38ADCD36}.Release|Any CPU.Build.0 = Release|Any CPU
	EndGlobalSection
	GlobalSection(SolutionProperties) = preSolution
		HideSolutionNode = FALSE
	EndGlobalSection
	GlobalSection(ExtensibilityGlobals) = postSolution
		SolutionGuid = {76D57941-C38B-4B1E-88DB-909A76373ACD}
	EndGlobalSection
EndGlobal
